
Microsoft Visual Studio Solution File, Format Version 12.00
Project("{FAE04EC0-301F-11D3-BF4B-00C04F79EFBC}") = "MenuState", "MenuState\MenuState.csproj", "{A6D5BED1-2026-42D5-B391-8CAB7661C7D0}"
EndProject
Global
	GlobalSection(SolutionConfigurationPlatforms) = preSolution
		Debug|Any CPU = Debug|Any CPU
		Release|Any CPU = Release|Any CPU
	EndGlobalSection
	GlobalSection(ProjectConfigurationPlatforms) = postSolution
		{A6D5BED1-2026-42D5-B391-8CAB7661C7D0}.Debug|Any CPU.ActiveCfg = Debug|Any CPU
		{A6D5BED1-2026-42D5-B391-8CAB7661C7D0}.Debug|Any CPU.Build.0 = Debug|Any CPU
		{A6D5BED1-2026-42D5-B391-8CAB7661C7D0}.Release|Any CPU.ActiveCfg = Release|Any CPU
		{A6D5BED1-2026-42D5-B391-8CAB7661C7D0}.Release|Any CPU.Build.0 = Release|Any CPU
	EndGlobalSection
EndGlobal
